
Microsoft Visual Studio Solution File, Format Version 12.00
# Visual Studio Version 17
VisualStudioVersion = 17.9.34723.18
MinimumVisualStudioVersion = 10.0.40219.1
Project("{FAE04EC0-301F-11D3-BF4B-00C04F79EFBC}") = "LAB6", "LAB6.csproj", "{1A0C5D59-153B-4491-BC78-D3CA6A655557}"
EndProject
Project("{FAE04EC0-301F-11D3-BF4B-00C04F79EFBC}") = "TestProject52", "..\TestProject52\TestProject52.csproj", "{6ABD8769-F5C4-4EC5-911C-FE8EC8AA44DF}"
EndProject
Global
	GlobalSection(SolutionConfigurationPlatforms) = preSolution
		Debug|Any CPU = Debug|Any CPU
		Release|Any CPU = Release|Any CPU
	EndGlobalSection
	GlobalSection(ProjectConfigurationPlatforms) = postSolution
		{1A0C5D59-153B-4491-BC78-D3CA6A655557}.Debug|Any CPU.ActiveCfg = Debug|Any CPU
		{1A0C5D59-153B-4491-BC78-D3CA6A655557}.Debug|Any CPU.Build.0 = Debug|Any CPU
		{1A0C5D59-153B-4491-BC78-D3CA6A655557}.Release|Any CPU.ActiveCfg = Release|Any CPU
		{1A0C5D59-153B-4491-BC78-D3CA6A655557}.Release|Any CPU.Build.0 = Release|Any CPU
		{6ABD8769-F5C4-4EC5-911C-FE8EC8AA44DF}.Debug|Any CPU.ActiveCfg = Debug|Any CPU
		{6ABD8769-F5C4-4EC5-911C-FE8EC8AA44DF}.Debug|Any CPU.Build.0 = Debug|Any CPU
		{6ABD8769-F5C4-4EC5-911C-FE8EC8AA44DF}.Release|Any CPU.ActiveCfg = Release|Any CPU
		{6ABD8769-F5C4-4EC5-911C-FE8EC8AA44DF}.Release|Any CPU.Build.0 = Release|Any CPU
	EndGlobalSection
	GlobalSection(SolutionProperties) = preSolution
		HideSolutionNode = FALSE
	EndGlobalSection
	GlobalSection(ExtensibilityGlobals) = postSolution
		SolutionGuid = {F43EF9AA-17C2-4330-9487-E697573DC4DD}
	EndGlobalSection
EndGlobal
